
Microsoft Visual Studio Solution File, Format Version 12.00
# Visual Studio Version 17
VisualStudioVersion = 17.6.33723.286
MinimumVisualStudioVersion = 10.0.40219.1
Project("{8BC9CEB8-8B4A-11D0-8D11-00A0C91BC942}") = "engine", "engine\engine.vcxproj", "{93CF8D66-C645-45B8-BE37-3227439C6455}"
	ProjectSection(ProjectDependencies) = postProject
		{8F88E3BB-3789-4B84-A8F3-B9F98BE2F8C6} = {8F88E3BB-3789-4B84-A8F3-B9F98BE2F8C6}
	EndProjectSection
EndProject
Project("{8BC9CEB8-8B4A-11D0-8D11-00A0C91BC942}") = "nil", "nil\nil.vcxproj", "{8F88E3BB-3789-4B84-A8F3-B9F98BE2F8C6}"
EndProject
Project("{2150E333-8FDC-42A3-9474-1A3956D46DE8}") = "Stuff", "Stuff", "{60006CDA-0A6C-4027-B34C-DA432DCC27E4}"
	ProjectSection(SolutionItems) = preProject
		README.md = README.md
	EndProjectSection
EndProject
Global
	GlobalSection(SolutionConfigurationPlatforms) = preSolution
		Debug|x64 = Debug|x64
		Debug|x86 = Debug|x86
		Release|x64 = Release|x64
		Release|x86 = Release|x86
		ShittyDebug|x64 = ShittyDebug|x64
		ShittyDebug|x86 = ShittyDebug|x86
	EndGlobalSection
	GlobalSection(ProjectConfigurationPlatforms) = postSolution
		{93CF8D66-C645-45B8-BE37-3227439C6455}.Debug|x64.ActiveCfg = Debug|x64
		{93CF8D66-C645-45B8-BE37-3227439C6455}.Debug|x64.Build.0 = Debug|x64
		{93CF8D66-C645-45B8-BE37-3227439C6455}.Debug|x86.ActiveCfg = Debug|x64
		{93CF8D66-C645-45B8-BE37-3227439C6455}.Release|x64.ActiveCfg = Release|x64
		{93CF8D66-C645-45B8-BE37-3227439C6455}.Release|x64.Build.0 = Release|x64
		{93CF8D66-C645-45B8-BE37-3227439C6455}.Release|x86.ActiveCfg = Release|x64
		{93CF8D66-C645-45B8-BE37-3227439C6455}.ShittyDebug|x64.ActiveCfg = ShittyDebug|x64
		{93CF8D66-C645-45B8-BE37-3227439C6455}.ShittyDebug|x64.Build.0 = ShittyDebug|x64
		{93CF8D66-C645-45B8-BE37-3227439C6455}.ShittyDebug|x86.ActiveCfg = ShittyDebug|x64
		{93CF8D66-C645-45B8-BE37-3227439C6455}.ShittyDebug|x86.Build.0 = ShittyDebug|x64
		{8F88E3BB-3789-4B84-A8F3-B9F98BE2F8C6}.Debug|x64.ActiveCfg = Debug|x64
		{8F88E3BB-3789-4B84-A8F3-B9F98BE2F8C6}.Debug|x64.Build.0 = Debug|x64
		{8F88E3BB-3789-4B84-A8F3-B9F98BE2F8C6}.Debug|x86.ActiveCfg = Debug|Win32
		{8F88E3BB-3789-4B84-A8F3-B9F98BE2F8C6}.Debug|x86.Build.0 = Debug|Win32
		{8F88E3BB-3789-4B84-A8F3-B9F98BE2F8C6}.Release|x64.ActiveCfg = Release|x64
		{8F88E3BB-3789-4B84-A8F3-B9F98BE2F8C6}.Release|x64.Build.0 = Release|x64
		{8F88E3BB-3789-4B84-A8F3-B9F98BE2F8C6}.Release|x86.ActiveCfg = Release|Win32
		{8F88E3BB-3789-4B84-A8F3-B9F98BE2F8C6}.Release|x86.Build.0 = Release|Win32
		{8F88E3BB-3789-4B84-A8F3-B9F98BE2F8C6}.ShittyDebug|x64.ActiveCfg = Debug|x64
		{8F88E3BB-3789-4B84-A8F3-B9F98BE2F8C6}.ShittyDebug|x64.Build.0 = Debug|x64
		{8F88E3BB-3789-4B84-A8F3-B9F98BE2F8C6}.ShittyDebug|x86.ActiveCfg = ShittyDebug|x64
	EndGlobalSection
	GlobalSection(SolutionProperties) = preSolution
		HideSolutionNode = FALSE
	EndGlobalSection
	GlobalSection(ExtensibilityGlobals) = postSolution
		SolutionGuid = {B9FA3B31-10D4-48AC-A48A-948289FF95DA}
	EndGlobalSection
EndGlobal
