<?xml version="1.0" encoding="utf-8"?>
<Project ToolsVersion="4.0" xmlns="http://schemas.microsoft.com/developer/msbuild/2003">
  <ItemGroup>
    <Filter Include="Source Files">
      <UniqueIdentifier>{4FC737F1-C7A5-4376-A066-2A32D752A2FF}</UniqueIdentifier>
      <Extensions>cpp;c;cc;cxx;def;odl;idl;hpj;bat;asm;asmx</Extensions>
    </Filter>
    <Filter Include="Header Files">
      <UniqueIdentifier>{93995380-89BD-4b04-88EB-625FBE52EBFB}</UniqueIdentifier>
      <Extensions>h;hh;hpp;hxx;hm;inl;inc;ipp;xsd</Extensions>
    </Filter>
    <Filter Include="Resource Files">
      <UniqueIdentifier>{67DA6AB6-F800-4c08-8B7A-83BB121AAD01}</UniqueIdentifier>
      <Extensions>rc;ico;cur;bmp;dlg;rc2;rct;bin;rgs;gif;jpg;jpeg;jpe;resx;tiff;tif;png;wav;mfcribbon-ms</Extensions>
    </Filter>
    <Filter Include="Source Files\shared">
      <UniqueIdentifier>{b223d8b6-cfc3-473b-a478-a9b0206658ef}</UniqueIdentifier>
    </Filter>
    <Filter Include="Header Files\shared">
      <UniqueIdentifier>{f38c7be2-c3de-415b-9560-6c3aa6d63f78}</UniqueIdentifier>
    </Filter>
    <Filter Include="Header Files\console">
      <UniqueIdentifier>{58783148-17c9-4c73-865c-db8ed0b31638}</UniqueIdentifier>
    </Filter>
    <Filter Include="Source Files\console">
      <UniqueIdentifier>{6764a4ae-1eb9-4f6f-93df-7a4c1b4e79bb}</UniqueIdentifier>
    </Filter>
    <Filter Include="Source Files\junk">
      <UniqueIdentifier>{acf6fcf6-3217-4f22-9a55-ca737ab1ba0d}</UniqueIdentifier>
    </Filter>
    <Filter Include="Shaders">
      <UniqueIdentifier>{87b502fa-0821-4532-b44c-6f740f3fcd7d}</UniqueIdentifier>
    </Filter>
    <Filter Include="Header Files\extern">
      <UniqueIdentifier>{d2979126-582d-4ddd-8858-3cd6b896bb48}</UniqueIdentifier>
    </Filter>
    <Filter Include="Source Files\extern">
      <UniqueIdentifier>{ed28a3e2-1a28-4c0c-b43a-e8441df2b014}</UniqueIdentifier>
    </Filter>
    <Filter Include="Source Files\gfx">
      <UniqueIdentifier>{74103ef0-6a27-45c8-b3bf-debf42fbbc8b}</UniqueIdentifier>
    </Filter>
    <Filter Include="Header Files\gfx">
      <UniqueIdentifier>{31f64350-b54e-4cb4-9f70-eae19d294ea6}</UniqueIdentifier>
    </Filter>
    <Filter Include="Source Files\scripting">
      <UniqueIdentifier>{9c80dffe-02cb-4203-addb-ec38d79ab808}</UniqueIdentifier>
    </Filter>
    <Filter Include="Header Files\scripting">
      <UniqueIdentifier>{2f614dee-4f01-47df-aadd-e0f311111685}</UniqueIdentifier>
    </Filter>
    <Filter Include="Header Files\engine">
      <UniqueIdentifier>{477a35cf-09ff-446c-a9bb-531f69793aa4}</UniqueIdentifier>
    </Filter>
    <Filter Include="Source Files\engine">
      <UniqueIdentifier>{24988d51-f061-4d37-a58e-e6e816ff2720}</UniqueIdentifier>
    </Filter>
    <Filter Include="Source Files\gfx\fonts">
      <UniqueIdentifier>{5ea6f9e9-59c3-4d06-9e96-ed4aaff962d4}</UniqueIdentifier>
    </Filter>
    <Filter Include="Source Files\gfx\meshes">
      <UniqueIdentifier>{388c7dea-8882-455e-be66-fa8d18c040f1}</UniqueIdentifier>
    </Filter>
    <Filter Include="Scripts">
      <UniqueIdentifier>{4672329b-8d04-4d51-914d-0517bfbe0195}</UniqueIdentifier>
    </Filter>
    <Filter Include="Header Files\input">
      <UniqueIdentifier>{dbf34eb9-c76b-43da-a55c-248a31b783fb}</UniqueIdentifier>
    </Filter>
    <Filter Include="Source Files\input">
      <UniqueIdentifier>{55fc5b6b-79c5-435f-8d92-572fda3e9c73}</UniqueIdentifier>
    </Filter>
    <Filter Include="Source Files\gfx\gui">
      <UniqueIdentifier>{1e570fc3-0704-4d46-8ab2-8fbe35b5deec}</UniqueIdentifier>
    </Filter>
    <Filter Include="Header Files\gfx\gui">
      <UniqueIdentifier>{e6ff7844-2725-477a-9973-e5fd4fc0718e}</UniqueIdentifier>
    </Filter>
    <Filter Include="Header Files\extern\tinytiff">
      <UniqueIdentifier>{616e001a-a50c-4c73-82a4-c78a0b733ea5}</UniqueIdentifier>
    </Filter>
    <Filter Include="Source Files\extern\tinytiff">
      <UniqueIdentifier>{176a687f-f44c-4f79-a50b-bb84ee4ad35a}</UniqueIdentifier>
    </Filter>
    <Filter Include="Source Files\extern\tinyexr">
      <UniqueIdentifier>{b3c119ab-8d94-435a-a463-aeb90eb8edb5}</UniqueIdentifier>
    </Filter>
    <Filter Include="Source Files\extern\lodepng">
      <UniqueIdentifier>{11ea1cd4-c0f9-40d7-9a92-3d65fcb18691}</UniqueIdentifier>
    </Filter>
    <Filter Include="Source Files\extern\miniz">
      <UniqueIdentifier>{e8de2be6-057d-4e8f-bb3f-30302ecaadcd}</UniqueIdentifier>
    </Filter>
    <Filter Include="Header Files\extern\miniz">
      <UniqueIdentifier>{1979ab2f-44bc-46bc-a049-9f9c9543ecf5}</UniqueIdentifier>
    </Filter>
    <Filter Include="Header Files\extern\lodepng">
      <UniqueIdentifier>{5f6fd66e-84f4-4116-82cd-a7b4ba150565}</UniqueIdentifier>
    </Filter>
    <Filter Include="Header Files\extern\tinyexr">
      <UniqueIdentifier>{a3a63eb7-d7df-41ba-9008-af5a7185f12d}</UniqueIdentifier>
    </Filter>
    <Filter Include="Source Files\loader">
      <UniqueIdentifier>{3745b50a-538b-481b-905a-dfecf36005d2}</UniqueIdentifier>
    </Filter>
    <Filter Include="Source Files\extern\tinygltf">
      <UniqueIdentifier>{ee5b64c7-db23-4230-91e0-d0dff2bc915e}</UniqueIdentifier>
    </Filter>
    <Filter Include="Header Files\extern\tinygltf">
      <UniqueIdentifier>{9098ca5c-5991-40a6-b6da-a08566101fb7}</UniqueIdentifier>
    </Filter>
    <Filter Include="Data">
      <UniqueIdentifier>{3ff94752-9950-4867-bdbe-da41a44d8721}</UniqueIdentifier>
    </Filter>
    <Filter Include="Source Files\extern\imgui">
      <UniqueIdentifier>{3c231546-a8d2-4762-8d0e-b1fd83a9e536}</UniqueIdentifier>
    </Filter>
    <Filter Include="Source Files\extern\imgui\backends">
      <UniqueIdentifier>{82d35cce-4410-4928-aac2-df0331a94ef1}</UniqueIdentifier>
    </Filter>
    <Filter Include="Source Files\gfx\renderers">
      <UniqueIdentifier>{0be19b3f-13b4-4f80-afd3-3f19c96314f7}</UniqueIdentifier>
    </Filter>
    <Filter Include="Source Files\gfx\editor">
      <UniqueIdentifier>{2c3d41cb-ba37-4499-a4e9-15b7fb70f179}</UniqueIdentifier>
    </Filter>
    <Filter Include="Header Files\game">
      <UniqueIdentifier>{19906571-987b-45d8-9d23-f156a84ebe42}</UniqueIdentifier>
    </Filter>
    <Filter Include="Source Files\components">
      <UniqueIdentifier>{c98f4238-3db5-4d33-a767-745964feca6f}</UniqueIdentifier>
    </Filter>
    <Filter Include="Source Files\gfx\cameras">
      <UniqueIdentifier>{81347a0b-6ac5-4c17-be04-8202fe5ba20c}</UniqueIdentifier>
    </Filter>
    <Filter Include="Source Files\extern\imguizmoquat">
      <UniqueIdentifier>{fbf4b9b7-b619-4682-bb19-7aeff6dee388}</UniqueIdentifier>
    </Filter>
    <Filter Include="Header Files\steam">
      <UniqueIdentifier>{7b33a010-4316-4332-bc09-80115a172e19}</UniqueIdentifier>
    </Filter>
    <Filter Include="Header Files\steam\sdk">
      <UniqueIdentifier>{1bb9b1c7-6580-43b8-9858-65f4cef05e6c}</UniqueIdentifier>
    </Filter>
    <Filter Include="Source Files\steam">
      <UniqueIdentifier>{42433fa8-bef7-4a49-9456-0d3048df1df1}</UniqueIdentifier>
    </Filter>
    <Filter Include="Source Files\extern\imguizmo">
      <UniqueIdentifier>{53a6e734-9f63-4f3d-9153-4c1ae2e72789}</UniqueIdentifier>
    </Filter>
  </ItemGroup>
  <ItemGroup>
    <ClCompile Include="src\main.cpp">
      <Filter>Source Files</Filter>
    </ClCompile>
    <ClCompile Include="..\shared\src\platform_windows.cpp">
      <Filter>Source Files\shared</Filter>
    </ClCompile>
    <ClCompile Include="..\shared\src\exception.cpp">
      <Filter>Source Files\shared</Filter>
    </ClCompile>
    <ClCompile Include="src\console.cpp">
      <Filter>Source Files\console</Filter>
    </ClCompile>
    <ClCompile Include="src\consolewindow_windows.cpp">
      <Filter>Source Files\console</Filter>
    </ClCompile>
    <ClCompile Include="src\pch.cpp">
      <Filter>Source Files\junk</Filter>
    </ClCompile>
    <ClCompile Include="src\memory.cpp">
      <Filter>Source Files</Filter>
    </ClCompile>
    <ClCompile Include="src\locator.cpp">
      <Filter>Source Files</Filter>
    </ClCompile>
    <ClCompile Include="src\framebuffer.cpp">
      <Filter>Source Files\gfx</Filter>
    </ClCompile>
    <ClCompile Include="src\gfx.cpp">
      <Filter>Source Files\gfx</Filter>
    </ClCompile>
    <ClCompile Include="src\renderbuffer.cpp">
      <Filter>Source Files\gfx</Filter>
    </ClCompile>
    <ClCompile Include="src\renderer.cpp">
      <Filter>Source Files\gfx</Filter>
    </ClCompile>
    <ClCompile Include="src\shaders.cpp">
      <Filter>Source Files\gfx</Filter>
    </ClCompile>
    <ClCompile Include="src\surface.cpp">
      <Filter>Source Files\gfx</Filter>
    </ClCompile>
    <ClCompile Include="src\texture.cpp">
      <Filter>Source Files\gfx</Filter>
    </ClCompile>
    <ClCompile Include="src\script.cpp">
      <Filter>Source Files\scripting</Filter>
    </ClCompile>
    <ClCompile Include="src\scripting.cpp">
      <Filter>Source Files\scripting</Filter>
    </ClCompile>
    <ClCompile Include="src\engine.cpp">
      <Filter>Source Files\engine</Filter>
    </ClCompile>
    <ClCompile Include="src\subsystem.cpp">
      <Filter>Source Files\engine</Filter>
    </ClCompile>
    <ClCompile Include="src\js_console.cpp">
      <Filter>Source Files\scripting</Filter>
    </ClCompile>
    <ClCompile Include="src\scriptingcontext.cpp">
      <Filter>Source Files\scripting</Filter>
    </ClCompile>
    <ClCompile Include="src\js_vector2.cpp">
      <Filter>Source Files\scripting</Filter>
    </ClCompile>
    <ClCompile Include="src\js_mathutil.cpp">
      <Filter>Source Files\scripting</Filter>
    </ClCompile>
    <ClCompile Include="src\js_math.cpp">
      <Filter>Source Files\scripting</Filter>
    </ClCompile>
    <ClCompile Include="src\font.cpp">
      <Filter>Source Files\gfx\fonts</Filter>
    </ClCompile>
    <ClCompile Include="src\staticmesh.cpp">
      <Filter>Source Files\gfx\meshes</Filter>
    </ClCompile>
    <ClCompile Include="src\dynamicmesh.cpp">
      <Filter>Source Files\gfx\meshes</Filter>
    </ClCompile>
    <ClCompile Include="src\meshmanager.cpp">
      <Filter>Source Files\gfx\meshes</Filter>
    </ClCompile>
    <ClCompile Include="src\meshgenerator.cpp">
      <Filter>Source Files\gfx\meshes</Filter>
    </ClCompile>
    <ClCompile Include="src\js_game.cpp">
      <Filter>Source Files\scripting</Filter>
    </ClCompile>
    <ClCompile Include="src\messaging.cpp">
      <Filter>Source Files</Filter>
    </ClCompile>
    <ClCompile Include="src\js_vector3.cpp">
      <Filter>Source Files\scripting</Filter>
    </ClCompile>
    <ClCompile Include="src\js_mesh.cpp">
      <Filter>Source Files\scripting</Filter>
    </ClCompile>
    <ClCompile Include="src\director.cpp">
      <Filter>Source Files\engine</Filter>
    </ClCompile>
    <ClCompile Include="src\js_model.cpp">
      <Filter>Source Files\scripting</Filter>
    </ClCompile>
    <ClCompile Include="src\modelmanager.cpp">
      <Filter>Source Files\gfx\meshes</Filter>
    </ClCompile>
    <ClCompile Include="src\js_quaternion.cpp">
      <Filter>Source Files\scripting</Filter>
    </ClCompile>
    <ClCompile Include="src\rendersynccontext.cpp">
      <Filter>Source Files\gfx</Filter>
    </ClCompile>
    <ClCompile Include="src\input.cpp">
      <Filter>Source Files\input</Filter>
    </ClCompile>
    <ClCompile Include="src\MyGUI_NekoDataManager.cpp">
      <Filter>Source Files\gfx\gui</Filter>
    </ClCompile>
    <ClCompile Include="src\MyGUI_NekoPlatform.cpp">
      <Filter>Source Files\gfx\gui</Filter>
    </ClCompile>
    <ClCompile Include="src\MyGUI_NekoRenderManager.cpp">
      <Filter>Source Files\gfx\gui</Filter>
    </ClCompile>
    <ClCompile Include="src\MyGUI_NekoRTTexture.cpp">
      <Filter>Source Files\gfx\gui</Filter>
    </ClCompile>
    <ClCompile Include="src\MyGUI_NekoTexture.cpp">
      <Filter>Source Files\gfx\gui</Filter>
    </ClCompile>
    <ClCompile Include="src\MyGUI_NekoVertexBuffer.cpp">
      <Filter>Source Files\gfx\gui</Filter>
    </ClCompile>
    <ClCompile Include="src\fontmanager.cpp">
      <Filter>Source Files\gfx\fonts</Filter>
    </ClCompile>
    <ClCompile Include="src\glformats.cpp">
      <Filter>Source Files\gfx</Filter>
    </ClCompile>
    <ClCompile Include="..\extern\lodepng\lodepng.cpp">
      <Filter>Source Files\extern\lodepng</Filter>
    </ClCompile>
    <ClCompile Include="..\extern\tinyexr\tinyexr.cpp">
      <Filter>Source Files\extern\tinyexr</Filter>
    </ClCompile>
    <ClCompile Include="..\extern\miniz\miniz.cpp">
      <Filter>Source Files\extern\miniz</Filter>
    </ClCompile>
    <ClCompile Include="src\gui.cpp">
      <Filter>Source Files\gfx\gui</Filter>
    </ClCompile>
    <ClCompile Include="src\loader.cpp">
      <Filter>Source Files\loader</Filter>
    </ClCompile>
    <ClCompile Include="..\extern\tinygltf\tiny_gltf.cc">
      <Filter>Source Files\extern\tinygltf</Filter>
    </ClCompile>
    <ClCompile Include="src\loader_gltf.cpp">
      <Filter>Source Files\loader</Filter>
    </ClCompile>
    <ClCompile Include="src\material.cpp">
      <Filter>Source Files\gfx</Filter>
    </ClCompile>
    <ClCompile Include="src\particles.cpp">
      <Filter>Source Files\gfx</Filter>
    </ClCompile>
    <ClCompile Include="src\text.cpp">
      <Filter>Source Files\gfx</Filter>
    </ClCompile>
    <ClCompile Include="src\filesystem.cpp">
      <Filter>Source Files</Filter>
    </ClCompile>
    <ClCompile Include="..\extern\tinytiff\tinytiffreader.c">
      <Filter>Source Files\extern\tinytiff</Filter>
    </ClCompile>
    <ClCompile Include="src\js_text.cpp">
      <Filter>Source Files\scripting</Filter>
    </ClCompile>
    <ClCompile Include="src\textmanager.cpp">
      <Filter>Source Files\gfx</Filter>
    </ClCompile>
    <ClCompile Include="src\particlemanager.cpp">
      <Filter>Source Files\gfx</Filter>
    </ClCompile>
    <ClCompile Include="src\threadedrenderer.cpp">
      <Filter>Source Files\gfx</Filter>
    </ClCompile>
    <ClCompile Include="..\extern\imgui\imgui.cpp">
      <Filter>Source Files\extern\imgui</Filter>
    </ClCompile>
    <ClCompile Include="..\extern\imgui\imgui_demo.cpp">
      <Filter>Source Files\extern\imgui</Filter>
    </ClCompile>
    <ClCompile Include="..\extern\imgui\imgui_draw.cpp">
      <Filter>Source Files\extern\imgui</Filter>
    </ClCompile>
    <ClCompile Include="..\extern\imgui\imgui_tables.cpp">
      <Filter>Source Files\extern\imgui</Filter>
    </ClCompile>
    <ClCompile Include="..\extern\imgui\imgui_widgets.cpp">
      <Filter>Source Files\extern\imgui</Filter>
    </ClCompile>
    <ClCompile Include="..\extern\imgui\backends\imgui_impl_opengl3.cpp">
      <Filter>Source Files\extern\imgui\backends</Filter>
    </ClCompile>
    <ClCompile Include="..\extern\imgui\backends\imgui_impl_win32.cpp">
      <Filter>Source Files\extern\imgui\backends</Filter>
    </ClCompile>
    <ClCompile Include="src\viewport.cpp">
      <Filter>Source Files\gfx</Filter>
    </ClCompile>
    <ClCompile Include="src\utilities.cpp">
      <Filter>Source Files</Filter>
    </ClCompile>
    <ClCompile Include="src\editorgridrenderer.cpp">
      <Filter>Source Files\gfx\renderers</Filter>
    </ClCompile>
    <ClCompile Include="src\editorviewport.cpp">
      <Filter>Source Files\gfx\editor</Filter>
    </ClCompile>
    <ClCompile Include="src\editor.cpp">
      <Filter>Source Files\gfx\editor</Filter>
    </ClCompile>
    <ClCompile Include="src\gameviewport.cpp">
      <Filter>Source Files\gfx</Filter>
    </ClCompile>
    <ClCompile Include="src\imguistyle.cpp">
      <Filter>Source Files\gfx\gui</Filter>
    </ClCompile>
    <ClCompile Include="src\c_manager.cpp">
      <Filter>Source Files\components</Filter>
    </ClCompile>
    <ClCompile Include="src\c_camera_system.cpp">
      <Filter>Source Files\components</Filter>
    </ClCompile>
    <ClCompile Include="src\camera.cpp">
      <Filter>Source Files\gfx\cameras</Filter>
    </ClCompile>
    <ClCompile Include="src\basicgamecamera.cpp">
      <Filter>Source Files\gfx\cameras</Filter>
    </ClCompile>
    <ClCompile Include="src\editororthocamera.cpp">
      <Filter>Source Files\gfx\cameras</Filter>
    </ClCompile>
    <ClCompile Include="src\ortbicamera.cpp">
      <Filter>Source Files\gfx\cameras</Filter>
    </ClCompile>
    <ClCompile Include="src\textureatlas.cpp">
      <Filter>Source Files\gfx</Filter>
    </ClCompile>
    <ClCompile Include="src\fontface.cpp">
      <Filter>Source Files\gfx\fonts</Filter>
    </ClCompile>
    <ClCompile Include="src\fontstyle.cpp">
      <Filter>Source Files\gfx\fonts</Filter>
    </ClCompile>
    <ClCompile Include="src\c_text_system.cpp">
      <Filter>Source Files\components</Filter>
    </ClCompile>
    <ClCompile Include="src\c_primitive_system.cpp">
      <Filter>Source Files\components</Filter>
    </ClCompile>
    <ClCompile Include="..\extern\imguizmo-quat\imGuIZMO.quat\imGuIZMOquat.cpp">
      <Filter>Source Files\extern\imguizmoquat</Filter>
    </ClCompile>
    <ClCompile Include="src\imguihelpers.cpp">
      <Filter>Source Files\components</Filter>
    </ClCompile>
    <ClCompile Include="src\steam.cpp">
      <Filter>Source Files\steam</Filter>
    </ClCompile>
    <ClCompile Include="src\steamresult.cpp">
      <Filter>Source Files\steam</Filter>
    </ClCompile>
    <ClCompile Include="..\extern\imguizmo\ImGuizmo.cpp">
      <Filter>Source Files\extern\imguizmo</Filter>
    </ClCompile>
    <ClCompile Include="..\extern\imgui\misc\freetype\imgui_freetype.cpp">
      <Filter>Source Files\extern\imgui</Filter>
    </ClCompile>
    <ClCompile Include="src\spriteanim.cpp">
      <Filter>Source Files\gfx</Filter>
    </ClCompile>
    <ClCompile Include="src\pixmap.cpp">
      <Filter>Source Files\gfx</Filter>
    </ClCompile>
    <ClCompile Include="src\c_sprite_system.cpp">
      <Filter>Source Files\components</Filter>
    </ClCompile>
  </ItemGroup>
  <ItemGroup>
    <ClInclude Include="include\pch.h">
      <Filter>Header Files</Filter>
    </ClInclude>
    <ClInclude Include="..\shared\include\neko_exception.h">
      <Filter>Header Files\shared</Filter>
    </ClInclude>
    <ClInclude Include="..\shared\include\neko_platform.h">
      <Filter>Header Files\shared</Filter>
    </ClInclude>
    <ClInclude Include="..\shared\include\neko_platform_windows.h">
      <Filter>Header Files\shared</Filter>
    </ClInclude>
    <ClInclude Include="..\shared\include\neko_types.h">
      <Filter>Header Files\shared</Filter>
    </ClInclude>
    <ClInclude Include="..\shared\include\neko_config.h">
      <Filter>Header Files\shared</Filter>
    </ClInclude>
    <ClInclude Include="include\utilities.h">
      <Filter>Header Files</Filter>
    </ClInclude>
    <ClInclude Include="include\console.h">
      <Filter>Header Files\console</Filter>
    </ClInclude>
    <ClInclude Include="include\consolelistener.h">
      <Filter>Header Files\console</Filter>
    </ClInclude>
    <ClInclude Include="include\consolewindow.h">
      <Filter>Header Files\console</Filter>
    </ClInclude>
    <ClInclude Include="include\consolewindow_windows.h">
      <Filter>Header Files\console</Filter>
    </ClInclude>
    <ClInclude Include="include\nekomath.h">
      <Filter>Header Files</Filter>
    </ClInclude>
    <ClInclude Include="include\forwards.h">
      <Filter>Header Files</Filter>
    </ClInclude>
    <ClInclude Include="include\locator.h">
      <Filter>Header Files</Filter>
    </ClInclude>
    <ClInclude Include="include\gfx.h">
      <Filter>Header Files\gfx</Filter>
    </ClInclude>
    <ClInclude Include="include\gfx_types.h">
      <Filter>Header Files\gfx</Filter>
    </ClInclude>
    <ClInclude Include="include\meshmanager.h">
      <Filter>Header Files\gfx</Filter>
    </ClInclude>
    <ClInclude Include="include\renderer.h">
      <Filter>Header Files\gfx</Filter>
    </ClInclude>
    <ClInclude Include="include\shaders.h">
      <Filter>Header Files\gfx</Filter>
    </ClInclude>
    <ClInclude Include="include\scripting.h">
      <Filter>Header Files\scripting</Filter>
    </ClInclude>
    <ClInclude Include="include\js_util.h">
      <Filter>Header Files\scripting</Filter>
    </ClInclude>
    <ClInclude Include="include\engine.h">
      <Filter>Header Files\engine</Filter>
    </ClInclude>
    <ClInclude Include="include\loader.h">
      <Filter>Header Files\engine</Filter>
    </ClInclude>
    <ClInclude Include="include\memory.h">
      <Filter>Header Files\engine</Filter>
    </ClInclude>
    <ClInclude Include="include\subsystem.h">
      <Filter>Header Files\engine</Filter>
    </ClInclude>
    <ClInclude Include="include\js_wrapper.h">
      <Filter>Header Files\scripting</Filter>
    </ClInclude>
    <ClInclude Include="include\js_console.h">
      <Filter>Header Files\scripting</Filter>
    </ClInclude>
    <ClInclude Include="include\font.h">
      <Filter>Header Files\gfx</Filter>
    </ClInclude>
    <ClInclude Include="include\materials.h">
      <Filter>Header Files\gfx</Filter>
    </ClInclude>
    <ClInclude Include="include\js_math.h">
      <Filter>Header Files\scripting</Filter>
    </ClInclude>
    <ClInclude Include="include\js_mathutil.h">
      <Filter>Header Files\scripting</Filter>
    </ClInclude>
    <ClInclude Include="..\shared\include\neko_pooledtypes.h">
      <Filter>Header Files\shared</Filter>
    </ClInclude>
    <ClInclude Include="include\framebuffer.h">
      <Filter>Header Files\gfx</Filter>
    </ClInclude>
    <ClInclude Include="include\surface.h">
      <Filter>Header Files\gfx</Filter>
    </ClInclude>
    <ClInclude Include="include\renderbuffer.h">
      <Filter>Header Files\gfx</Filter>
    </ClInclude>
    <ClInclude Include="include\texture.h">
      <Filter>Header Files\gfx</Filter>
    </ClInclude>
    <ClInclude Include="include\js_game.h">
      <Filter>Header Files\scripting</Filter>
    </ClInclude>
    <ClInclude Include="include\messaging.h">
      <Filter>Header Files</Filter>
    </ClInclude>
    <ClInclude Include="..\shared\include\neko_algorithm.h">
      <Filter>Header Files\shared</Filter>
    </ClInclude>
    <ClInclude Include="include\js_mesh.h">
      <Filter>Header Files\scripting</Filter>
    </ClInclude>
    <ClInclude Include="include\mesh_primitives.h">
      <Filter>Header Files\gfx</Filter>
    </ClInclude>
    <ClInclude Include="include\director.h">
      <Filter>Header Files\engine</Filter>
    </ClInclude>
    <ClInclude Include="include\js_model.h">
      <Filter>Header Files\scripting</Filter>
    </ClInclude>
    <ClInclude Include="include\modelmanager.h">
      <Filter>Header Files\gfx</Filter>
    </ClInclude>
    <ClInclude Include="..\shared\include\neko_compilerdef.h">
      <Filter>Header Files\shared</Filter>
    </ClInclude>
    <ClInclude Include="include\input.h">
      <Filter>Header Files\input</Filter>
    </ClInclude>
    <ClInclude Include="include\MyGUI_NekoPlatform.h">
      <Filter>Header Files\gfx\gui</Filter>
    </ClInclude>
    <ClInclude Include="include\MyGUI_NekoRTTexture.h">
      <Filter>Header Files\gfx\gui</Filter>
    </ClInclude>
    <ClInclude Include="resource.h">
      <Filter>Header Files</Filter>
    </ClInclude>
    <ClInclude Include="..\extern\tinytiff\tiff_definitions_internal.h">
      <Filter>Header Files\extern\tinytiff</Filter>
    </ClInclude>
    <ClInclude Include="..\extern\tinytiff\tinytiff_defs.h">
      <Filter>Header Files\extern\tinytiff</Filter>
    </ClInclude>
    <ClInclude Include="..\extern\tinytiff\tinytiff_tools.hxx">
      <Filter>Header Files\extern\tinytiff</Filter>
    </ClInclude>
    <ClInclude Include="..\extern\tinytiff\tinytiff_version.h">
      <Filter>Header Files\extern\tinytiff</Filter>
    </ClInclude>
    <ClInclude Include="..\extern\tinytiff\tinytiffreader.h">
      <Filter>Header Files\extern\tinytiff</Filter>
    </ClInclude>
    <ClInclude Include="..\extern\tinytiff\tinytiffreader.hxx">
      <Filter>Header Files\extern\tinytiff</Filter>
    </ClInclude>
    <ClInclude Include="..\extern\tinytiff\tinytiffwriter.h">
      <Filter>Header Files\extern\tinytiff</Filter>
    </ClInclude>
    <ClInclude Include="..\extern\lodepng\lodepng.h">
      <Filter>Header Files\extern\lodepng</Filter>
    </ClInclude>
    <ClInclude Include="..\extern\miniz\miniz.h">
      <Filter>Header Files\extern\miniz</Filter>
    </ClInclude>
    <ClInclude Include="..\extern\tinyexr\tinyexr.h">
      <Filter>Header Files\extern\tinyexr</Filter>
    </ClInclude>
    <ClInclude Include="include\gui.h">
      <Filter>Header Files\gfx\gui</Filter>
    </ClInclude>
    <ClInclude Include="include\text.h">
      <Filter>Header Files\gfx</Filter>
    </ClInclude>
    <ClInclude Include="include\js_camera.h">
      <Filter>Header Files\scripting</Filter>
    </ClInclude>
    <ClInclude Include="..\extern\tinygltf\tiny_gltf.h">
      <Filter>Header Files\extern\tinygltf</Filter>
    </ClInclude>
    <ClInclude Include="include\nekosimd.h">
      <Filter>Header Files</Filter>
    </ClInclude>
    <ClInclude Include="include\particles.h">
      <Filter>Header Files\gfx</Filter>
    </ClInclude>
    <ClInclude Include="..\shared\include\math_aabb.h">
      <Filter>Header Files\shared</Filter>
    </ClInclude>
    <ClInclude Include="include\filesystem.h">
      <Filter>Header Files</Filter>
    </ClInclude>
    <ClInclude Include="include\resources.h">
      <Filter>Header Files\engine</Filter>
    </ClInclude>
    <ClInclude Include="include\js_text.h">
      <Filter>Header Files\scripting</Filter>
    </ClInclude>
    <ClInclude Include="include\buffers.h">
      <Filter>Header Files\gfx</Filter>
    </ClInclude>
    <ClInclude Include="include\viewport.h">
      <Filter>Header Files\gfx</Filter>
    </ClInclude>
    <ClInclude Include="include\gfx_imguistyle.h">
      <Filter>Header Files\gfx</Filter>
    </ClInclude>
    <ClInclude Include="include\plane.h">
      <Filter>Header Files\gfx</Filter>
    </ClInclude>
    <ClInclude Include="include\frustum.h">
      <Filter>Header Files\gfx</Filter>
    </ClInclude>
    <ClInclude Include="include\bounds.h">
      <Filter>Header Files\gfx</Filter>
    </ClInclude>
    <ClInclude Include="include\transform.h">
      <Filter>Header Files\gfx</Filter>
    </ClInclude>
    <ClInclude Include="include\specialrenderers.h">
      <Filter>Header Files\gfx</Filter>
    </ClInclude>
    <ClInclude Include="include\components.h">
      <Filter>Header Files\game</Filter>
    </ClInclude>
    <ClInclude Include="include\textureatlas.h">
      <Filter>Header Files\gfx</Filter>
    </ClInclude>
    <ClInclude Include="include\neatlywrappedsteamapi.h">
      <Filter>Header Files\steam</Filter>
    </ClInclude>
    <ClInclude Include="..\extern\steamworks\sdk\public\steam\isteamapplist.h">
      <Filter>Header Files\steam\sdk</Filter>
    </ClInclude>
    <ClInclude Include="..\extern\steamworks\sdk\public\steam\isteamapps.h">
      <Filter>Header Files\steam\sdk</Filter>
    </ClInclude>
    <ClInclude Include="..\extern\steamworks\sdk\public\steam\isteamappticket.h">
      <Filter>Header Files\steam\sdk</Filter>
    </ClInclude>
    <ClInclude Include="..\extern\steamworks\sdk\public\steam\isteamclient.h">
      <Filter>Header Files\steam\sdk</Filter>
    </ClInclude>
    <ClInclude Include="..\extern\steamworks\sdk\public\steam\isteamcontroller.h">
      <Filter>Header Files\steam\sdk</Filter>
    </ClInclude>
    <ClInclude Include="..\extern\steamworks\sdk\public\steam\isteamdualsense.h">
      <Filter>Header Files\steam\sdk</Filter>
    </ClInclude>
    <ClInclude Include="..\extern\steamworks\sdk\public\steam\isteamfriends.h">
      <Filter>Header Files\steam\sdk</Filter>
    </ClInclude>
    <ClInclude Include="..\extern\steamworks\sdk\public\steam\isteamgamecoordinator.h">
      <Filter>Header Files\steam\sdk</Filter>
    </ClInclude>
    <ClInclude Include="..\extern\steamworks\sdk\public\steam\isteamgameserver.h">
      <Filter>Header Files\steam\sdk</Filter>
    </ClInclude>
    <ClInclude Include="..\extern\steamworks\sdk\public\steam\isteamgameserverstats.h">
      <Filter>Header Files\steam\sdk</Filter>
    </ClInclude>
    <ClInclude Include="..\extern\steamworks\sdk\public\steam\isteamhtmlsurface.h">
      <Filter>Header Files\steam\sdk</Filter>
    </ClInclude>
    <ClInclude Include="..\extern\steamworks\sdk\public\steam\isteamhttp.h">
      <Filter>Header Files\steam\sdk</Filter>
    </ClInclude>
    <ClInclude Include="..\extern\steamworks\sdk\public\steam\isteaminput.h">
      <Filter>Header Files\steam\sdk</Filter>
    </ClInclude>
    <ClInclude Include="..\extern\steamworks\sdk\public\steam\isteaminventory.h">
      <Filter>Header Files\steam\sdk</Filter>
    </ClInclude>
    <ClInclude Include="..\extern\steamworks\sdk\public\steam\isteammasterserverupdater.h">
      <Filter>Header Files\steam\sdk</Filter>
    </ClInclude>
    <ClInclude Include="..\extern\steamworks\sdk\public\steam\isteammatchmaking.h">
      <Filter>Header Files\steam\sdk</Filter>
    </ClInclude>
    <ClInclude Include="..\extern\steamworks\sdk\public\steam\isteammusic.h">
      <Filter>Header Files\steam\sdk</Filter>
    </ClInclude>
    <ClInclude Include="..\extern\steamworks\sdk\public\steam\isteammusicremote.h">
      <Filter>Header Files\steam\sdk</Filter>
    </ClInclude>
    <ClInclude Include="..\extern\steamworks\sdk\public\steam\isteamnetworking.h">
      <Filter>Header Files\steam\sdk</Filter>
    </ClInclude>
    <ClInclude Include="..\extern\steamworks\sdk\public\steam\isteamnetworkingmessages.h">
      <Filter>Header Files\steam\sdk</Filter>
    </ClInclude>
    <ClInclude Include="..\extern\steamworks\sdk\public\steam\isteamnetworkingsockets.h">
      <Filter>Header Files\steam\sdk</Filter>
    </ClInclude>
    <ClInclude Include="..\extern\steamworks\sdk\public\steam\isteamnetworkingutils.h">
      <Filter>Header Files\steam\sdk</Filter>
    </ClInclude>
    <ClInclude Include="..\extern\steamworks\sdk\public\steam\isteamparentalsettings.h">
      <Filter>Header Files\steam\sdk</Filter>
    </ClInclude>
    <ClInclude Include="..\extern\steamworks\sdk\public\steam\isteamps3overlayrenderer.h">
      <Filter>Header Files\steam\sdk</Filter>
    </ClInclude>
    <ClInclude Include="..\extern\steamworks\sdk\public\steam\isteamremoteplay.h">
      <Filter>Header Files\steam\sdk</Filter>
    </ClInclude>
    <ClInclude Include="..\extern\steamworks\sdk\public\steam\isteamremotestorage.h">
      <Filter>Header Files\steam\sdk</Filter>
    </ClInclude>
    <ClInclude Include="..\extern\steamworks\sdk\public\steam\isteamscreenshots.h">
      <Filter>Header Files\steam\sdk</Filter>
    </ClInclude>
    <ClInclude Include="..\extern\steamworks\sdk\public\steam\isteamugc.h">
      <Filter>Header Files\steam\sdk</Filter>
    </ClInclude>
    <ClInclude Include="..\extern\steamworks\sdk\public\steam\isteamuser.h">
      <Filter>Header Files\steam\sdk</Filter>
    </ClInclude>
    <ClInclude Include="..\extern\steamworks\sdk\public\steam\isteamuserstats.h">
      <Filter>Header Files\steam\sdk</Filter>
    </ClInclude>
    <ClInclude Include="..\extern\steamworks\sdk\public\steam\isteamutils.h">
      <Filter>Header Files\steam\sdk</Filter>
    </ClInclude>
    <ClInclude Include="..\extern\steamworks\sdk\public\steam\isteamvideo.h">
      <Filter>Header Files\steam\sdk</Filter>
    </ClInclude>
    <ClInclude Include="..\extern\steamworks\sdk\public\steam\matchmakingtypes.h">
      <Filter>Header Files\steam\sdk</Filter>
    </ClInclude>
    <ClInclude Include="..\extern\steamworks\sdk\public\steam\steam_api.h">
      <Filter>Header Files\steam\sdk</Filter>
    </ClInclude>
    <ClInclude Include="..\extern\steamworks\sdk\public\steam\steam_api_common.h">
      <Filter>Header Files\steam\sdk</Filter>
    </ClInclude>
    <ClInclude Include="..\extern\steamworks\sdk\public\steam\steam_api_flat.h">
      <Filter>Header Files\steam\sdk</Filter>
    </ClInclude>
    <ClInclude Include="..\extern\steamworks\sdk\public\steam\steam_api_internal.h">
      <Filter>Header Files\steam\sdk</Filter>
    </ClInclude>
    <ClInclude Include="..\extern\steamworks\sdk\public\steam\steam_gameserver.h">
      <Filter>Header Files\steam\sdk</Filter>
    </ClInclude>
    <ClInclude Include="..\extern\steamworks\sdk\public\steam\steamclientpublic.h">
      <Filter>Header Files\steam\sdk</Filter>
    </ClInclude>
    <ClInclude Include="..\extern\steamworks\sdk\public\steam\steamdatagram_tickets.h">
      <Filter>Header Files\steam\sdk</Filter>
    </ClInclude>
    <ClInclude Include="..\extern\steamworks\sdk\public\steam\steamencryptedappticket.h">
      <Filter>Header Files\steam\sdk</Filter>
    </ClInclude>
    <ClInclude Include="..\extern\steamworks\sdk\public\steam\steamhttpenums.h">
      <Filter>Header Files\steam\sdk</Filter>
    </ClInclude>
    <ClInclude Include="..\extern\steamworks\sdk\public\steam\steamnetworkingfakeip.h">
      <Filter>Header Files\steam\sdk</Filter>
    </ClInclude>
    <ClInclude Include="..\extern\steamworks\sdk\public\steam\steamnetworkingtypes.h">
      <Filter>Header Files\steam\sdk</Filter>
    </ClInclude>
    <ClInclude Include="..\extern\steamworks\sdk\public\steam\steamps3params.h">
      <Filter>Header Files\steam\sdk</Filter>
    </ClInclude>
    <ClInclude Include="..\extern\steamworks\sdk\public\steam\steamtypes.h">
      <Filter>Header Files\steam\sdk</Filter>
    </ClInclude>
    <ClInclude Include="..\extern\steamworks\sdk\public\steam\steamuniverse.h">
      <Filter>Header Files\steam\sdk</Filter>
    </ClInclude>
    <ClInclude Include="include\steam.h">
      <Filter>Header Files\steam</Filter>
    </ClInclude>
    <ClInclude Include="include\rect.h">
      <Filter>Header Files\gfx</Filter>
    </ClInclude>
    <ClInclude Include="include\camera.h">
      <Filter>Header Files\gfx</Filter>
    </ClInclude>
    <ClInclude Include="include\gfx_imconfig.h">
      <Filter>Header Files\gfx</Filter>
    </ClInclude>
    <ClInclude Include="include\spriteanim.h">
      <Filter>Header Files\gfx</Filter>
    </ClInclude>
    <ClInclude Include="include\json.h">
      <Filter>Header Files</Filter>
    </ClInclude>
  </ItemGroup>
  <ItemGroup>
    <Manifest Include="engine.manifest" />
  </ItemGroup>
  <ItemGroup>
    <None Include="..\bin\scripts\initialization.js">
      <Filter>Scripts</Filter>
    </None>
    <None Include="..\bin\shaders\dbg_showvertexnormals.frag">
      <Filter>Shaders</Filter>
    </None>
    <None Include="..\bin\shaders\dbg_showvertexnormals.geom">
      <Filter>Shaders</Filter>
    </None>
    <None Include="..\bin\shaders\dbg_showvertexnormals.vert">
      <Filter>Shaders</Filter>
    </None>
    <None Include="..\bin\shaders\dbg_showvertextangents.frag">
      <Filter>Shaders</Filter>
    </None>
    <None Include="..\bin\shaders\dbg_showvertextangents.geom">
      <Filter>Shaders</Filter>
    </None>
    <None Include="..\bin\shaders\dbg_showvertextangents.vert">
      <Filter>Shaders</Filter>
    </None>
    <None Include="..\bin\shaders\inc.buffers.glsl">
      <Filter>Shaders</Filter>
    </None>
    <None Include="..\bin\shaders\inc.colorutils.glsl">
      <Filter>Shaders</Filter>
    </None>
    <None Include="..\bin\shaders\mainframebuf2d.frag">
      <Filter>Shaders</Filter>
    </None>
    <None Include="..\bin\shaders\passthrough2d.vert">
      <Filter>Shaders</Filter>
    </None>
    <None Include="..\bin\shaders\mat_unlitdefault.frag">
      <Filter>Shaders</Filter>
    </None>
    <None Include="..\bin\shaders\mat_unlitdefault.vert">
      <Filter>Shaders</Filter>
    </None>
    <None Include="..\bin\shaders\gui.frag">
      <Filter>Shaders</Filter>
    </None>
    <None Include="..\bin\shaders\gui.vert">
      <Filter>Shaders</Filter>
    </None>
    <None Include="..\bin\shaders\passthrough2d.frag">
      <Filter>Shaders</Filter>
    </None>
    <None Include="..\bin\shaders\gaussblur2d.frag">
      <Filter>Shaders</Filter>
    </None>
    <None Include="..\bin\data\materials.json">
      <Filter>Data</Filter>
    </None>
    <None Include="..\bin\shaders\particle.frag">
      <Filter>Shaders</Filter>
    </None>
    <None Include="..\bin\shaders\particle_world.geom">
      <Filter>Shaders</Filter>
    </None>
    <None Include="..\bin\shaders\particle_world.vert">
      <Filter>Shaders</Filter>
    </None>
    <None Include="..\bin\shaders\particle_billboard.geom">
      <Filter>Shaders</Filter>
    </None>
    <None Include="..\bin\shaders\particle_billboard.vert">
      <Filter>Shaders</Filter>
    </None>
    <None Include="..\bin\shaders\inc.math.glsl">
      <Filter>Shaders</Filter>
    </None>
    <None Include="..\bin\shaders\mat_skybox.frag">
      <Filter>Shaders</Filter>
    </None>
    <None Include="..\bin\shaders\mat_skybox.vert">
      <Filter>Shaders</Filter>
    </None>
    <None Include="..\bin\shaders\dbg_line.frag">
      <Filter>Shaders</Filter>
    </None>
    <None Include="..\bin\shaders\dbg_line.vert">
      <Filter>Shaders</Filter>
    </None>
    <None Include="..\bin\shaders\mat_screentone.frag">
      <Filter>Shaders</Filter>
    </None>
    <None Include="..\bin\shaders\mat_screentone.vert">
      <Filter>Shaders</Filter>
    </None>
    <None Include="..\bin\shaders\text.frag">
      <Filter>Shaders</Filter>
    </None>
    <None Include="..\bin\shaders\text_2d.vert">
      <Filter>Shaders</Filter>
    </None>
    <None Include="..\bin\shaders\text_3d.vert">
      <Filter>Shaders</Filter>
    </None>
    <None Include="..\bin\shaders\dbg_depthvis2d.frag">
      <Filter>Shaders</Filter>
    </None>
    <None Include="..\bin\data\fonts.json">
      <Filter>Data</Filter>
    </None>
    <None Include="cpp.hint" />
    <None Include="..\bin\scripts\.eslintrc.json">
      <Filter>Scripts</Filter>
    </None>
    <None Include="..\bin\shaders\editor_bgline.vert">
      <Filter>Shaders</Filter>
    </None>
    <None Include="..\bin\shaders\editor_bgline.frag">
      <Filter>Shaders</Filter>
    </None>
    <None Include="..\bin\data\includes.json">
      <Filter>Data</Filter>
    </None>
    <None Include="..\bin\data\pipelines.json">
      <Filter>Data</Filter>
    </None>
    <None Include="..\extern\steamworks\sdk\public\steam\steam_api.json">
      <Filter>Header Files\steam\sdk</Filter>
    </None>
    <None Include="..\bin\data\spriteanimdefs.json">
      <Filter>Data</Filter>
    </None>
    <None Include="..\bin\data\spriteanimsets.json">
      <Filter>Data</Filter>
    </None>
    <None Include="..\bin\shaders\sprite.frag">
      <Filter>Shaders</Filter>
    </None>
    <None Include="..\bin\shaders\sprite.vert">
      <Filter>Shaders</Filter>
    </None>
  </ItemGroup>
  <ItemGroup>
    <ResourceCompile Include="engine.rc">
      <Filter>Resource Files</Filter>
    </ResourceCompile>
  </ItemGroup>
  <ItemGroup>
    <Image Include="..\embed\panz_icon_v1.ico">
      <Filter>Resource Files</Filter>
    </Image>
    <Image Include="..\embed\console_icon_v1.ico">
      <Filter>Resource Files</Filter>
    </Image>
  </ItemGroup>
</Project>