<?xml version="1.0" encoding="utf-8"?>
<Project ToolsVersion="4.0" xmlns="http://schemas.microsoft.com/developer/msbuild/2003">
  <ItemGroup>
    <Filter Include="Source Files">
      <UniqueIdentifier>{4FC737F1-C7A5-4376-A066-2A32D752A2FF}</UniqueIdentifier>
      <Extensions>cpp;c;cc;cxx;def;odl;idl;hpj;bat;asm;asmx</Extensions>
    </Filter>
    <Filter Include="Header Files">
      <UniqueIdentifier>{93995380-89BD-4b04-88EB-625FBE52EBFB}</UniqueIdentifier>
      <Extensions>h;hh;hpp;hxx;hm;inl;inc;ipp;xsd</Extensions>
    </Filter>
    <Filter Include="Resource Files">
      <UniqueIdentifier>{67DA6AB6-F800-4c08-8B7A-83BB121AAD01}</UniqueIdentifier>
      <Extensions>rc;ico;cur;bmp;dlg;rc2;rct;bin;rgs;gif;jpg;jpeg;jpe;resx;tiff;tif;png;wav;mfcribbon-ms</Extensions>
    </Filter>
    <Filter Include="Source Files\shared">
      <UniqueIdentifier>{b223d8b6-cfc3-473b-a478-a9b0206658ef}</UniqueIdentifier>
    </Filter>
    <Filter Include="Header Files\shared">
      <UniqueIdentifier>{f38c7be2-c3de-415b-9560-6c3aa6d63f78}</UniqueIdentifier>
    </Filter>
    <Filter Include="Header Files\console">
      <UniqueIdentifier>{58783148-17c9-4c73-865c-db8ed0b31638}</UniqueIdentifier>
    </Filter>
    <Filter Include="Source Files\console">
      <UniqueIdentifier>{6764a4ae-1eb9-4f6f-93df-7a4c1b4e79bb}</UniqueIdentifier>
    </Filter>
    <Filter Include="Source Files\junk">
      <UniqueIdentifier>{acf6fcf6-3217-4f22-9a55-ca737ab1ba0d}</UniqueIdentifier>
    </Filter>
    <Filter Include="Shaders">
      <UniqueIdentifier>{87b502fa-0821-4532-b44c-6f740f3fcd7d}</UniqueIdentifier>
    </Filter>
    <Filter Include="Header Files\extern">
      <UniqueIdentifier>{d2979126-582d-4ddd-8858-3cd6b896bb48}</UniqueIdentifier>
    </Filter>
    <Filter Include="Source Files\extern">
      <UniqueIdentifier>{ed28a3e2-1a28-4c0c-b43a-e8441df2b014}</UniqueIdentifier>
    </Filter>
    <Filter Include="Source Files\gfx">
      <UniqueIdentifier>{74103ef0-6a27-45c8-b3bf-debf42fbbc8b}</UniqueIdentifier>
    </Filter>
    <Filter Include="Header Files\gfx">
      <UniqueIdentifier>{31f64350-b54e-4cb4-9f70-eae19d294ea6}</UniqueIdentifier>
    </Filter>
    <Filter Include="Source Files\scripting">
      <UniqueIdentifier>{9c80dffe-02cb-4203-addb-ec38d79ab808}</UniqueIdentifier>
    </Filter>
    <Filter Include="Header Files\scripting">
      <UniqueIdentifier>{2f614dee-4f01-47df-aadd-e0f311111685}</UniqueIdentifier>
    </Filter>
    <Filter Include="Header Files\engine">
      <UniqueIdentifier>{477a35cf-09ff-446c-a9bb-531f69793aa4}</UniqueIdentifier>
    </Filter>
    <Filter Include="Source Files\engine">
      <UniqueIdentifier>{24988d51-f061-4d37-a58e-e6e816ff2720}</UniqueIdentifier>
    </Filter>
  </ItemGroup>
  <ItemGroup>
    <ClCompile Include="src\main.cpp">
      <Filter>Source Files</Filter>
    </ClCompile>
    <ClCompile Include="..\shared\src\platform_windows.cpp">
      <Filter>Source Files\shared</Filter>
    </ClCompile>
    <ClCompile Include="..\shared\src\exception.cpp">
      <Filter>Source Files\shared</Filter>
    </ClCompile>
    <ClCompile Include="src\console.cpp">
      <Filter>Source Files\console</Filter>
    </ClCompile>
    <ClCompile Include="src\consolewindow_windows.cpp">
      <Filter>Source Files\console</Filter>
    </ClCompile>
    <ClCompile Include="src\stdafx.cpp">
      <Filter>Source Files\junk</Filter>
    </ClCompile>
    <ClCompile Include="src\memory.cpp">
      <Filter>Source Files</Filter>
    </ClCompile>
    <ClCompile Include="src\locator.cpp">
      <Filter>Source Files</Filter>
    </ClCompile>
    <ClCompile Include="src\camera.cpp">
      <Filter>Source Files</Filter>
    </ClCompile>
    <ClCompile Include="..\extern\lodepng\lodepng.cpp">
      <Filter>Source Files\extern</Filter>
    </ClCompile>
    <ClCompile Include="src\framebuffer.cpp">
      <Filter>Source Files\gfx</Filter>
    </ClCompile>
    <ClCompile Include="src\gfx.cpp">
      <Filter>Source Files\gfx</Filter>
    </ClCompile>
    <ClCompile Include="src\meshmanager.cpp">
      <Filter>Source Files\gfx</Filter>
    </ClCompile>
    <ClCompile Include="src\renderbuffer.cpp">
      <Filter>Source Files\gfx</Filter>
    </ClCompile>
    <ClCompile Include="src\renderer.cpp">
      <Filter>Source Files\gfx</Filter>
    </ClCompile>
    <ClCompile Include="src\shaders.cpp">
      <Filter>Source Files\gfx</Filter>
    </ClCompile>
    <ClCompile Include="src\surface.cpp">
      <Filter>Source Files\gfx</Filter>
    </ClCompile>
    <ClCompile Include="src\texture.cpp">
      <Filter>Source Files\gfx</Filter>
    </ClCompile>
    <ClCompile Include="src\script.cpp">
      <Filter>Source Files\scripting</Filter>
    </ClCompile>
    <ClCompile Include="src\scripting.cpp">
      <Filter>Source Files\scripting</Filter>
    </ClCompile>
    <ClCompile Include="src\engine.cpp">
      <Filter>Source Files\engine</Filter>
    </ClCompile>
    <ClCompile Include="src\loader.cpp">
      <Filter>Source Files\engine</Filter>
    </ClCompile>
    <ClCompile Include="src\subsystem.cpp">
      <Filter>Source Files\engine</Filter>
    </ClCompile>
    <ClCompile Include="src\js_console.cpp">
      <Filter>Source Files\scripting</Filter>
    </ClCompile>
    <ClCompile Include="src\scriptingcontext.cpp">
      <Filter>Source Files\scripting</Filter>
    </ClCompile>
    <ClCompile Include="src\fontmanager.cpp">
      <Filter>Source Files\gfx</Filter>
    </ClCompile>
  </ItemGroup>
  <ItemGroup>
    <ClInclude Include="include\stdafx.h">
      <Filter>Header Files</Filter>
    </ClInclude>
    <ClInclude Include="..\shared\include\neko_exception.h">
      <Filter>Header Files\shared</Filter>
    </ClInclude>
    <ClInclude Include="..\shared\include\neko_platform.h">
      <Filter>Header Files\shared</Filter>
    </ClInclude>
    <ClInclude Include="..\shared\include\neko_platform_windows.h">
      <Filter>Header Files\shared</Filter>
    </ClInclude>
    <ClInclude Include="..\shared\include\neko_types.h">
      <Filter>Header Files\shared</Filter>
    </ClInclude>
    <ClInclude Include="..\shared\include\neko_config.h">
      <Filter>Header Files\shared</Filter>
    </ClInclude>
    <ClInclude Include="include\utilities.h">
      <Filter>Header Files</Filter>
    </ClInclude>
    <ClInclude Include="include\console.h">
      <Filter>Header Files\console</Filter>
    </ClInclude>
    <ClInclude Include="include\consolelistener.h">
      <Filter>Header Files\console</Filter>
    </ClInclude>
    <ClInclude Include="include\consolewindow.h">
      <Filter>Header Files\console</Filter>
    </ClInclude>
    <ClInclude Include="include\consolewindow_windows.h">
      <Filter>Header Files\console</Filter>
    </ClInclude>
    <ClInclude Include="include\nekomath.h">
      <Filter>Header Files</Filter>
    </ClInclude>
    <ClInclude Include="include\forwards.h">
      <Filter>Header Files</Filter>
    </ClInclude>
    <ClInclude Include="include\locator.h">
      <Filter>Header Files</Filter>
    </ClInclude>
    <ClInclude Include="include\camera.h">
      <Filter>Header Files</Filter>
    </ClInclude>
    <ClInclude Include="include\framebuffer.h">
      <Filter>Header Files</Filter>
    </ClInclude>
    <ClInclude Include="..\extern\lodepng\lodepng.h">
      <Filter>Header Files\extern</Filter>
    </ClInclude>
    <ClInclude Include="include\gfx.h">
      <Filter>Header Files\gfx</Filter>
    </ClInclude>
    <ClInclude Include="include\gfx_types.h">
      <Filter>Header Files\gfx</Filter>
    </ClInclude>
    <ClInclude Include="include\meshmanager.h">
      <Filter>Header Files\gfx</Filter>
    </ClInclude>
    <ClInclude Include="include\renderer.h">
      <Filter>Header Files\gfx</Filter>
    </ClInclude>
    <ClInclude Include="include\shaders.h">
      <Filter>Header Files\gfx</Filter>
    </ClInclude>
    <ClInclude Include="include\scripting.h">
      <Filter>Header Files\scripting</Filter>
    </ClInclude>
    <ClInclude Include="include\js_util.h">
      <Filter>Header Files\scripting</Filter>
    </ClInclude>
    <ClInclude Include="include\engine.h">
      <Filter>Header Files\engine</Filter>
    </ClInclude>
    <ClInclude Include="include\loader.h">
      <Filter>Header Files\engine</Filter>
    </ClInclude>
    <ClInclude Include="include\memory.h">
      <Filter>Header Files\engine</Filter>
    </ClInclude>
    <ClInclude Include="include\subsystem.h">
      <Filter>Header Files\engine</Filter>
    </ClInclude>
    <ClInclude Include="include\js_wrapper.h">
      <Filter>Header Files\scripting</Filter>
    </ClInclude>
    <ClInclude Include="include\js_console.h">
      <Filter>Header Files\scripting</Filter>
    </ClInclude>
    <ClInclude Include="include\fontmanager.h">
      <Filter>Header Files\gfx</Filter>
    </ClInclude>
  </ItemGroup>
  <ItemGroup>
    <Manifest Include="manifest\neko.manifest">
      <Filter>Resource Files</Filter>
    </Manifest>
  </ItemGroup>
  <ItemGroup>
    <None Include="..\bin\data\shaders\default_fp.glsl">
      <Filter>Shaders</Filter>
    </None>
    <None Include="..\bin\data\shaders\default_vp.glsl">
      <Filter>Shaders</Filter>
    </None>
    <None Include="..\bin\data\shaders\mainframebuf_fp.glsl">
      <Filter>Shaders</Filter>
    </None>
    <None Include="..\bin\data\shaders\mainframebuf_vp.glsl">
      <Filter>Shaders</Filter>
    </None>
  </ItemGroup>
</Project>