<?xml version="1.0" encoding="utf-8"?>
<Project ToolsVersion="4.0" xmlns="http://schemas.microsoft.com/developer/msbuild/2003">
  <ItemGroup>
    <Filter Include="Source Files">
      <UniqueIdentifier>{4FC737F1-C7A5-4376-A066-2A32D752A2FF}</UniqueIdentifier>
      <Extensions>cpp;c;cc;cxx;c++;cppm;ixx;def;odl;idl;hpj;bat;asm;asmx</Extensions>
    </Filter>
    <Filter Include="Header Files">
      <UniqueIdentifier>{93995380-89BD-4b04-88EB-625FBE52EBFB}</UniqueIdentifier>
      <Extensions>h;hh;hpp;hxx;h++;hm;inl;inc;ipp;xsd</Extensions>
    </Filter>
    <Filter Include="Resource Files">
      <UniqueIdentifier>{67DA6AB6-F800-4c08-8B7A-83BB121AAD01}</UniqueIdentifier>
      <Extensions>rc;ico;cur;bmp;dlg;rc2;rct;bin;rgs;gif;jpg;jpeg;jpe;resx;tiff;tif;png;wav;mfcribbon-ms</Extensions>
    </Filter>
    <Filter Include="Source Files\discord">
      <UniqueIdentifier>{bca48c50-7573-4635-af4f-7f7f505fdd91}</UniqueIdentifier>
    </Filter>
    <Filter Include="Header Files\discord">
      <UniqueIdentifier>{7bb9851b-3574-4caa-b429-6ffaeb123bc5}</UniqueIdentifier>
    </Filter>
    <Filter Include="Header Files\steam">
      <UniqueIdentifier>{26dee652-dbc5-4c1d-9f0c-c46433b29697}</UniqueIdentifier>
    </Filter>
  </ItemGroup>
  <ItemGroup>
    <ClInclude Include="resource.h">
      <Filter>Header Files</Filter>
    </ClInclude>
    <ClInclude Include="..\extern\discord\cpp\achievement_manager.h">
      <Filter>Header Files\discord</Filter>
    </ClInclude>
    <ClInclude Include="..\extern\discord\cpp\activity_manager.h">
      <Filter>Header Files\discord</Filter>
    </ClInclude>
    <ClInclude Include="..\extern\discord\cpp\application_manager.h">
      <Filter>Header Files\discord</Filter>
    </ClInclude>
    <ClInclude Include="..\extern\discord\cpp\core.h">
      <Filter>Header Files\discord</Filter>
    </ClInclude>
    <ClInclude Include="..\extern\discord\cpp\discord.h">
      <Filter>Header Files\discord</Filter>
    </ClInclude>
    <ClInclude Include="..\extern\discord\cpp\event.h">
      <Filter>Header Files\discord</Filter>
    </ClInclude>
    <ClInclude Include="..\extern\discord\cpp\ffi.h">
      <Filter>Header Files\discord</Filter>
    </ClInclude>
    <ClInclude Include="..\extern\discord\cpp\image_manager.h">
      <Filter>Header Files\discord</Filter>
    </ClInclude>
    <ClInclude Include="..\extern\discord\cpp\lobby_manager.h">
      <Filter>Header Files\discord</Filter>
    </ClInclude>
    <ClInclude Include="..\extern\discord\cpp\network_manager.h">
      <Filter>Header Files\discord</Filter>
    </ClInclude>
    <ClInclude Include="..\extern\discord\cpp\overlay_manager.h">
      <Filter>Header Files\discord</Filter>
    </ClInclude>
    <ClInclude Include="..\extern\discord\cpp\relationship_manager.h">
      <Filter>Header Files\discord</Filter>
    </ClInclude>
    <ClInclude Include="..\extern\discord\cpp\storage_manager.h">
      <Filter>Header Files\discord</Filter>
    </ClInclude>
    <ClInclude Include="..\extern\discord\cpp\store_manager.h">
      <Filter>Header Files\discord</Filter>
    </ClInclude>
    <ClInclude Include="..\extern\discord\cpp\types.h">
      <Filter>Header Files\discord</Filter>
    </ClInclude>
    <ClInclude Include="..\extern\discord\cpp\user_manager.h">
      <Filter>Header Files\discord</Filter>
    </ClInclude>
    <ClInclude Include="..\extern\discord\cpp\voice_manager.h">
      <Filter>Header Files\discord</Filter>
    </ClInclude>
    <ClInclude Include="include\rainet_discord.h">
      <Filter>Header Files</Filter>
    </ClInclude>
    <ClInclude Include="include\framework.h">
      <Filter>Header Files</Filter>
    </ClInclude>
    <ClInclude Include="include\pch.h">
      <Filter>Header Files</Filter>
    </ClInclude>
    <ClInclude Include="..\shared\include\rainet.h">
      <Filter>Header Files</Filter>
    </ClInclude>
    <ClInclude Include="..\extern\steamworks\sdk\public\steam\isteamapplist.h">
      <Filter>Header Files\steam</Filter>
    </ClInclude>
    <ClInclude Include="..\extern\steamworks\sdk\public\steam\isteamapps.h">
      <Filter>Header Files\steam</Filter>
    </ClInclude>
    <ClInclude Include="..\extern\steamworks\sdk\public\steam\isteamappticket.h">
      <Filter>Header Files\steam</Filter>
    </ClInclude>
    <ClInclude Include="..\extern\steamworks\sdk\public\steam\isteamclient.h">
      <Filter>Header Files\steam</Filter>
    </ClInclude>
    <ClInclude Include="..\extern\steamworks\sdk\public\steam\isteamcontroller.h">
      <Filter>Header Files\steam</Filter>
    </ClInclude>
    <ClInclude Include="..\extern\steamworks\sdk\public\steam\isteamfriends.h">
      <Filter>Header Files\steam</Filter>
    </ClInclude>
    <ClInclude Include="..\extern\steamworks\sdk\public\steam\isteamgamecoordinator.h">
      <Filter>Header Files\steam</Filter>
    </ClInclude>
    <ClInclude Include="..\extern\steamworks\sdk\public\steam\isteamgameserver.h">
      <Filter>Header Files\steam</Filter>
    </ClInclude>
    <ClInclude Include="..\extern\steamworks\sdk\public\steam\isteamgameserverstats.h">
      <Filter>Header Files\steam</Filter>
    </ClInclude>
    <ClInclude Include="..\extern\steamworks\sdk\public\steam\isteamhtmlsurface.h">
      <Filter>Header Files\steam</Filter>
    </ClInclude>
    <ClInclude Include="..\extern\steamworks\sdk\public\steam\isteamhttp.h">
      <Filter>Header Files\steam</Filter>
    </ClInclude>
    <ClInclude Include="..\extern\steamworks\sdk\public\steam\isteaminput.h">
      <Filter>Header Files\steam</Filter>
    </ClInclude>
    <ClInclude Include="..\extern\steamworks\sdk\public\steam\isteaminventory.h">
      <Filter>Header Files\steam</Filter>
    </ClInclude>
    <ClInclude Include="..\extern\steamworks\sdk\public\steam\isteammasterserverupdater.h">
      <Filter>Header Files\steam</Filter>
    </ClInclude>
    <ClInclude Include="..\extern\steamworks\sdk\public\steam\isteammatchmaking.h">
      <Filter>Header Files\steam</Filter>
    </ClInclude>
    <ClInclude Include="..\extern\steamworks\sdk\public\steam\isteammusic.h">
      <Filter>Header Files\steam</Filter>
    </ClInclude>
    <ClInclude Include="..\extern\steamworks\sdk\public\steam\isteammusicremote.h">
      <Filter>Header Files\steam</Filter>
    </ClInclude>
    <ClInclude Include="..\extern\steamworks\sdk\public\steam\isteamnetworking.h">
      <Filter>Header Files\steam</Filter>
    </ClInclude>
    <ClInclude Include="..\extern\steamworks\sdk\public\steam\isteamnetworkingmessages.h">
      <Filter>Header Files\steam</Filter>
    </ClInclude>
    <ClInclude Include="..\extern\steamworks\sdk\public\steam\isteamnetworkingsockets.h">
      <Filter>Header Files\steam</Filter>
    </ClInclude>
    <ClInclude Include="..\extern\steamworks\sdk\public\steam\isteamnetworkingutils.h">
      <Filter>Header Files\steam</Filter>
    </ClInclude>
    <ClInclude Include="..\extern\steamworks\sdk\public\steam\isteamparentalsettings.h">
      <Filter>Header Files\steam</Filter>
    </ClInclude>
    <ClInclude Include="..\extern\steamworks\sdk\public\steam\isteamps3overlayrenderer.h">
      <Filter>Header Files\steam</Filter>
    </ClInclude>
    <ClInclude Include="..\extern\steamworks\sdk\public\steam\isteamremoteplay.h">
      <Filter>Header Files\steam</Filter>
    </ClInclude>
    <ClInclude Include="..\extern\steamworks\sdk\public\steam\isteamremotestorage.h">
      <Filter>Header Files\steam</Filter>
    </ClInclude>
    <ClInclude Include="..\extern\steamworks\sdk\public\steam\isteamscreenshots.h">
      <Filter>Header Files\steam</Filter>
    </ClInclude>
    <ClInclude Include="..\extern\steamworks\sdk\public\steam\isteamugc.h">
      <Filter>Header Files\steam</Filter>
    </ClInclude>
    <ClInclude Include="..\extern\steamworks\sdk\public\steam\isteamuser.h">
      <Filter>Header Files\steam</Filter>
    </ClInclude>
    <ClInclude Include="..\extern\steamworks\sdk\public\steam\isteamuserstats.h">
      <Filter>Header Files\steam</Filter>
    </ClInclude>
    <ClInclude Include="..\extern\steamworks\sdk\public\steam\isteamutils.h">
      <Filter>Header Files\steam</Filter>
    </ClInclude>
    <ClInclude Include="..\extern\steamworks\sdk\public\steam\isteamvideo.h">
      <Filter>Header Files\steam</Filter>
    </ClInclude>
    <ClInclude Include="..\extern\steamworks\sdk\public\steam\matchmakingtypes.h">
      <Filter>Header Files\steam</Filter>
    </ClInclude>
    <ClInclude Include="..\extern\steamworks\sdk\public\steam\steam_api.h">
      <Filter>Header Files\steam</Filter>
    </ClInclude>
    <ClInclude Include="..\extern\steamworks\sdk\public\steam\steam_api_common.h">
      <Filter>Header Files\steam</Filter>
    </ClInclude>
    <ClInclude Include="..\extern\steamworks\sdk\public\steam\steam_api_flat.h">
      <Filter>Header Files\steam</Filter>
    </ClInclude>
    <ClInclude Include="..\extern\steamworks\sdk\public\steam\steam_api_internal.h">
      <Filter>Header Files\steam</Filter>
    </ClInclude>
    <ClInclude Include="..\extern\steamworks\sdk\public\steam\steam_gameserver.h">
      <Filter>Header Files\steam</Filter>
    </ClInclude>
    <ClInclude Include="..\extern\steamworks\sdk\public\steam\steamclientpublic.h">
      <Filter>Header Files\steam</Filter>
    </ClInclude>
    <ClInclude Include="..\extern\steamworks\sdk\public\steam\steamdatagram_tickets.h">
      <Filter>Header Files\steam</Filter>
    </ClInclude>
    <ClInclude Include="..\extern\steamworks\sdk\public\steam\steamencryptedappticket.h">
      <Filter>Header Files\steam</Filter>
    </ClInclude>
    <ClInclude Include="..\extern\steamworks\sdk\public\steam\steamhttpenums.h">
      <Filter>Header Files\steam</Filter>
    </ClInclude>
    <ClInclude Include="..\extern\steamworks\sdk\public\steam\steamnetworkingtypes.h">
      <Filter>Header Files\steam</Filter>
    </ClInclude>
    <ClInclude Include="..\extern\steamworks\sdk\public\steam\steamps3params.h">
      <Filter>Header Files\steam</Filter>
    </ClInclude>
    <ClInclude Include="..\extern\steamworks\sdk\public\steam\steamtypes.h">
      <Filter>Header Files\steam</Filter>
    </ClInclude>
    <ClInclude Include="..\extern\steamworks\sdk\public\steam\steamuniverse.h">
      <Filter>Header Files\steam</Filter>
    </ClInclude>
    <ClInclude Include="include\rainet_steam.h">
      <Filter>Header Files</Filter>
    </ClInclude>
  </ItemGroup>
  <ItemGroup>
    <ClCompile Include="..\extern\discord\cpp\achievement_manager.cpp">
      <Filter>Source Files\discord</Filter>
    </ClCompile>
    <ClCompile Include="..\extern\discord\cpp\activity_manager.cpp">
      <Filter>Source Files\discord</Filter>
    </ClCompile>
    <ClCompile Include="..\extern\discord\cpp\application_manager.cpp">
      <Filter>Source Files\discord</Filter>
    </ClCompile>
    <ClCompile Include="..\extern\discord\cpp\core.cpp">
      <Filter>Source Files\discord</Filter>
    </ClCompile>
    <ClCompile Include="..\extern\discord\cpp\image_manager.cpp">
      <Filter>Source Files\discord</Filter>
    </ClCompile>
    <ClCompile Include="..\extern\discord\cpp\lobby_manager.cpp">
      <Filter>Source Files\discord</Filter>
    </ClCompile>
    <ClCompile Include="..\extern\discord\cpp\network_manager.cpp">
      <Filter>Source Files\discord</Filter>
    </ClCompile>
    <ClCompile Include="..\extern\discord\cpp\overlay_manager.cpp">
      <Filter>Source Files\discord</Filter>
    </ClCompile>
    <ClCompile Include="..\extern\discord\cpp\relationship_manager.cpp">
      <Filter>Source Files\discord</Filter>
    </ClCompile>
    <ClCompile Include="..\extern\discord\cpp\storage_manager.cpp">
      <Filter>Source Files\discord</Filter>
    </ClCompile>
    <ClCompile Include="..\extern\discord\cpp\store_manager.cpp">
      <Filter>Source Files\discord</Filter>
    </ClCompile>
    <ClCompile Include="..\extern\discord\cpp\types.cpp">
      <Filter>Source Files\discord</Filter>
    </ClCompile>
    <ClCompile Include="..\extern\discord\cpp\user_manager.cpp">
      <Filter>Source Files\discord</Filter>
    </ClCompile>
    <ClCompile Include="..\extern\discord\cpp\voice_manager.cpp">
      <Filter>Source Files\discord</Filter>
    </ClCompile>
    <ClCompile Include="src\discord.cpp">
      <Filter>Source Files</Filter>
    </ClCompile>
    <ClCompile Include="src\dllmain.cpp">
      <Filter>Source Files</Filter>
    </ClCompile>
    <ClCompile Include="src\pch.cpp">
      <Filter>Source Files</Filter>
    </ClCompile>
    <ClCompile Include="src\engine.cpp">
      <Filter>Source Files</Filter>
    </ClCompile>
    <ClCompile Include="src\steam.cpp">
      <Filter>Source Files</Filter>
    </ClCompile>
  </ItemGroup>
  <ItemGroup>
    <ResourceCompile Include="rainet.rc">
      <Filter>Resource Files</Filter>
    </ResourceCompile>
  </ItemGroup>
</Project>